<Solution>
  <Folder Name="/src/" />
  <Folder Name="/src/box-bottom/">
    <Project Path="src/box-bottom/BoxBottom.Aspire.Orchestration/BoxBottom.Aspire.Orchestration.csproj" />
    <Project Path="src/box-bottom/BoxBottom.Aspire.ServiceDefaults/BoxBottom.Aspire.ServiceDefaults.csproj" />
    <Project Path="src/box-bottom/BoxBottom.Azure.Table/BoxBottom.Azure.Table.csproj" />
    <Project Path="src/box-bottom/BoxBottom.Dapr/BoxBottom.Dapr.csproj" />
    <Project Path="src/box-bottom/BoxBottom.Emulation/BoxBottom.Emulation.csproj" />
    <Project Path="src/box-bottom/BoxBottom.Emulation.Shared/BoxBottom.Emulation.Shared.csproj" />
    <Project Path="src/box-bottom/BoxBottom.Web.Components/BoxBottom.Web.Components.esproj">
      <Build />
      <Deploy />
    </Project>
    <Project Path="src/box-bottom/BoxBottom.Web.Emulation/BoxBottom.Web.Emulation.esproj">
      <Build />
      <Deploy />
    </Project>
  </Folder>
  <Folder Name="/src/box-pack/">
    <Project Path="src/box-pack/BoxPack.Aspire.Orchestration/BoxPack.Aspire.Orchestration.csproj" />
    <Project Path="src/box-pack/BoxPack.Web.Basics/BoxPack.Web.Basics.esproj">
      <Build />
      <Deploy />
    </Project>
    <Project Path="src/box-pack/BoxPack.Web.Navigation/BoxPack.Web.Navigation.esproj">
      <Build />
      <Deploy />
    </Project>
  </Folder>
  <Folder Name="/src/box-content/">
    <Project Path="src/box-content/AzureTable.Aspire/AzureTable.Aspire.csproj" />
    <Project Path="src/box-content/AzureTable.Emulator/AzureTable.Emulator.csproj" />
    <Project Path="src/box-content/Bleeb.Aspire/Bleeb.Aspire.csproj" />
    <Project Path="src/box-content/Bleeb.Api/Bleeb.Api.csproj" />
    <Project Path="src/box-content/Bleeb.Emulator.Api/Bleeb.Emulator.Api.csproj" />
    <Project Path="src/box-content/Blabber.Emulator/Blabber.Emulator.csproj" />
    <Project Path="src/box-content/Blabber.Lib/Blabber.Lib.csproj" />
    <Project Path="src/box-content/Foo.Primary.Api/Foo.Primary.Api.csproj" />
    <Project Path="src/box-content/Foo.Primary.Shared/Foo.Primary.Shared.csproj" />
    <Project Path="src/box-content/Foo.Secondary.Api/Foo.Secondary.Api.csproj" />
    <Project Path="src/box-content/Foo.AzureTable.Web/Foo.AzureTable.Web.esproj">
      <Build />
      <Deploy />
    </Project>
    <Project Path="src/box-content/Foo.Blabber.Web/Foo.Blabber.Web.esproj">
      <Build />
      <Deploy />
    </Project>
    <Project Path="src/box-content/Foo.Web.Hello/Foo.Web.Hello.esproj">
      <Build />
      <Deploy />
    </Project>
    <Project Path="src/box-content/Foo.Web.Test/Foo.Web.Test.esproj">
      <Build />
      <Deploy />
    </Project>
  </Folder>
  <Folder Name="/src/box-test/">
    <Project Path="src/box-test/BoxTest.Aspire.Orchestration.Test/BoxTest.Aspire.Orchestration.Test.csproj" />
    <File Path="src/box-test/BoxTest.Playwright/package.json" />
  </Folder>
  <Folder Name="/src/box-top/">
    <Project Path="src/box-top/BoxTop.Aspire/BoxTop.Aspire.csproj" />
    <Project Path="src/box-top/BoxTop.Edge/BoxTop.Edge.csproj" />
    <Project Path="src/box-top/BoxTop.Meta.Api/BoxTop.Meta.Api.csproj" />
    <Project Path="src/box-top/BoxTop.Web/BoxTop.Web.esproj">
      <Build />
      <Deploy />
    </Project>
  </Folder>
</Solution>
