<Solution>
  <Folder Name="/src/" />
  <Folder Name="/src/box-bottom/">
    <Project Path="src/box-bottom/BoxBottom.Aspire.Orchestration/BoxBottom.Aspire.Orchestration.csproj" />
    <Project Path="src/box-bottom/BoxBottom.Aspire.ServiceDefaults/BoxBottom.Aspire.ServiceDefaults.csproj" />
    <Project Path="src/box-bottom/BoxBottom.Dapr/BoxBottom.Dapr.csproj" />
  </Folder>
  <Folder Name="/src/box-content/">
    <Project Path="src/box-content/Foo.Primary.Api/Foo.Primary.Api.csproj" />
    <Project Path="src/box-content/Foo.Secondary.Api/Foo.Secondary.Api.csproj" />
  </Folder>
  <Folder Name="/src/box-test/">
    <File Path="src/box-test/BoxTest.Playwright/package.json" />
  </Folder>
  <Folder Name="/src/box-top/">
    <Project Path="src/box-top/BoxTop.Aspire/BoxTop.Aspire.csproj" />
    <Project Path="src/box-top/BoxTop.Edge/BoxTop.Edge.csproj" />
    <Project Path="src/box-top/BoxTop.Web/BoxTop.Web.esproj">
      <Build />
      <Deploy />
    </Project>
  </Folder>
</Solution>
